// !$*UTF8*$!
{
	archiveVersion = 1;
	classes = {
	};
	objectVersion = 46;
	objects = {

/* Begin PBXBuildFile section */
		8B23351E1B42B45600B66F4F /* main.m in Sources */ = {isa = PBXBuildFile; fileRef = 8B23351D1B42B45600B66F4F /* main.m */; };
		8B2335211B42B45600B66F4F /* AppDelegate.m in Sources */ = {isa = PBXBuildFile; fileRef = 8B2335201B42B45600B66F4F /* AppDelegate.m */; };
		8B2335241B42B45600B66F4F /* ViewController.m in Sources */ = {isa = PBXBuildFile; fileRef = 8B2335231B42B45600B66F4F /* ViewController.m */; };
		8B2335271B42B45600B66F4F /* Main.storyboard in Resources */ = {isa = PBXBuildFile; fileRef = 8B2335251B42B45600B66F4F /* Main.storyboard */; };
		8B2335291B42B45600B66F4F /* Images.xcassets in Resources */ = {isa = PBXBuildFile; fileRef = 8B2335281B42B45600B66F4F /* Images.xcassets */; };
		8B23352C1B42B45600B66F4F /* LaunchScreen.xib in Resources */ = {isa = PBXBuildFile; fileRef = 8B23352A1B42B45600B66F4F /* LaunchScreen.xib */; };
		8B2335381B42B45600B66F4F /* CoderExampleTests.m in Sources */ = {isa = PBXBuildFile; fileRef = 8B2335371B42B45600B66F4F /* CoderExampleTests.m */; };
		8B2335431B42B47900B66F4F /* Player.m in Sources */ = {isa = PBXBuildFile; fileRef = 8B2335421B42B47900B66F4F /* Player.m */; };
/* End PBXBuildFile section */

/* Begin PBXContainerItemProxy section */
		8B2335321B42B45600B66F4F /* PBXContainerItemProxy */ = {
			isa = PBXContainerItemProxy;
			containerPortal = 8B2335101B42B45600B66F4F /* Project object */;
			proxyType = 1;
			remoteGlobalIDString = 8B2335171B42B45600B66F4F;
			remoteInfo = CoderExample;
		};
/* End PBXContainerItemProxy section */

/* Begin PBXFileReference section */
		8B2335181B42B45600B66F4F /* CoderExample.app */ = {isa = PBXFileReference; explicitFileType = wrapper.application; includeInIndex = 0; path = CoderExample.app; sourceTree = BUILT_PRODUCTS_DIR; };
		8B23351C1B42B45600B66F4F /* Info.plist */ = {isa = PBXFileReference; lastKnownFileType = text.plist.xml; path = Info.plist; sourceTree = "<group>"; };
		8B23351D1B42B45600B66F4F /* main.m */ = {isa = PBXFileReference; lastKnownFileType = sourcecode.c.objc; path = main.m; sourceTree = "<group>"; };
		8B23351F1B42B45600B66F4F /* AppDelegate.h */ = {isa = PBXFileReference; lastKnownFileType = sourcecode.c.h; path = AppDelegate.h; sourceTree = "<group>"; };
		8B2335201B42B45600B66F4F /* AppDelegate.m */ = {isa = PBXFileReference; lastKnownFileType = sourcecode.c.objc; path = AppDelegate.m; sourceTree = "<group>"; };
		8B2335221B42B45600B66F4F /* ViewController.h */ = {isa = PBXFileReference; lastKnownFileType = sourcecode.c.h; path = ViewController.h; sourceTree = "<group>"; };
		8B2335231B42B45600B66F4F /* ViewController.m */ = {isa = PBXFileReference; lastKnownFileType = sourcecode.c.objc; path = ViewController.m; sourceTree = "<group>"; };
		8B2335261B42B45600B66F4F /* Base */ = {isa = PBXFileReference; lastKnownFileType = file.storyboard; name = Base; path = Base.lproj/Main.storyboard; sourceTree = "<group>"; };
		8B2335281B42B45600B66F4F /* Images.xcassets */ = {isa = PBXFileReference; lastKnownFileType = folder.assetcatalog; path = Images.xcassets; sourceTree = "<group>"; };
		8B23352B1B42B45600B66F4F /* Base */ = {isa = PBXFileReference; lastKnownFileType = file.xib; name = Base; path = Base.lproj/LaunchScreen.xib; sourceTree = "<group>"; };
		8B2335311B42B45600B66F4F /* CoderExampleTests.xctest */ = {isa = PBXFileReference; explicitFileType = wrapper.cfbundle; includeInIndex = 0; path = CoderExampleTests.xctest; sourceTree = BUILT_PRODUCTS_DIR; };
		8B2335361B42B45600B66F4F /* Info.plist */ = {isa = PBXFileReference; lastKnownFileType = text.plist.xml; path = Info.plist; sourceTree = "<group>"; };
		8B2335371B42B45600B66F4F /* CoderExampleTests.m */ = {isa = PBXFileReference; lastKnownFileType = sourcecode.c.objc; path = CoderExampleTests.m; sourceTree = "<group>"; };
		8B2335411B42B47900B66F4F /* Player.h */ = {isa = PBXFileReference; fileEncoding = 4; lastKnownFileType = sourcecode.c.h; path = Player.h; sourceTree = "<group>"; };
		8B2335421B42B47900B66F4F /* Player.m */ = {isa = PBXFileReference; fileEncoding = 4; lastKnownFileType = sourcecode.c.objc; path = Player.m; sourceTree = "<group>"; };
/* End PBXFileReference section */

/* Begin PBXFrameworksBuildPhase section */
		8B2335151B42B45600B66F4F /* Frameworks */ = {
			isa = PBXFrameworksBuildPhase;
			buildActionMask = 2147483647;
			files = (
			);
			runOnlyForDeploymentPostprocessing = 0;
		};
		8B23352E1B42B45600B66F4F /* Frameworks */ = {
			isa = PBXFrameworksBuildPhase;
			buildActionMask = 2147483647;
			files = (
			);
			runOnlyForDeploymentPostprocessing = 0;
		};
/* End PBXFrameworksBuildPhase section */

/* Begin PBXGroup section */
		8B23350F1B42B45600B66F4F = {
			isa = PBXGroup;
			children = (
				8B23351A1B42B45600B66F4F /* CoderExample */,
				8B2335341B42B45600B66F4F /* CoderExampleTests */,
				8B2335191B42B45600B66F4F /* Products */,
			);
			sourceTree = "<group>";
		};
		8B2335191B42B45600B66F4F /* Products */ = {
			isa = PBXGroup;
			children = (
				8B2335181B42B45600B66F4F /* CoderExample.app */,
				8B2335311B42B45600B66F4F /* CoderExampleTests.xctest */,
			);
			name = Products;
			sourceTree = "<group>";
		};
		8B23351A1B42B45600B66F4F /* CoderExample */ = {
			isa = PBXGroup;
			children = (
				8B23351F1B42B45600B66F4F /* AppDelegate.h */,
				8B2335201B42B45600B66F4F /* AppDelegate.m */,
				8B2335221B42B45600B66F4F /* ViewController.h */,
				8B2335231B42B45600B66F4F /* ViewController.m */,
				8B2335411B42B47900B66F4F /* Player.h */,
				8B2335421B42B47900B66F4F /* Player.m */,
				8B2335251B42B45600B66F4F /* Main.storyboard */,
				8B2335281B42B45600B66F4F /* Images.xcassets */,
				8B23352A1B42B45600B66F4F /* LaunchScreen.xib */,
				8B23351B1B42B45600B66F4F /* Supporting Files */,
			);
			path = CoderExample;
			sourceTree = "<group>";
		};
		8B23351B1B42B45600B66F4F /* Supporting Files */ = {
			isa = PBXGroup;
			children = (
				8B23351C1B42B45600B66F4F /* Info.plist */,
				8B23351D1B42B45600B66F4F /* main.m */,
			);
			name = "Supporting Files";
			sourceTree = "<group>";
		};
		8B2335341B42B45600B66F4F /* CoderExampleTests */ = {
			isa = PBXGroup;
			children = (
				8B2335371B42B45600B66F4F /* CoderExampleTests.m */,
				8B2335351B42B45600B66F4F /* Supporting Files */,
			);
			path = CoderExampleTests;
			sourceTree = "<group>";
		};
		8B2335351B42B45600B66F4F /* Supporting Files */ = {
			isa = PBXGroup;
			children = (
				8B2335361B42B45600B66F4F /* Info.plist */,
			);
			name = "Supporting Files";
			sourceTree = "<group>";
		};
/* End PBXGroup section */

/* Begin PBXNativeTarget section */
		8B2335171B42B45600B66F4F /* CoderExample */ = {
			isa = PBXNativeTarget;
			buildConfigurationList = 8B23353B1B42B45600B66F4F /* Build configuration list for PBXNativeTarget "CoderExample" */;
			buildPhases = (
				8B2335141B42B45600B66F4F /* Sources */,
				8B2335151B42B45600B66F4F /* Frameworks */,
				8B2335161B42B45600B66F4F /* Resources */,
			);
			buildRules = (
			);
			dependencies = (
			);
			name = CoderExample;
			productName = CoderExample;
			productReference = 8B2335181B42B45600B66F4F /* CoderExample.app */;
			productType = "com.apple.product-type.application";
		};
		8B2335301B42B45600B66F4F /* CoderExampleTests */ = {
			isa = PBXNativeTarget;
			buildConfigurationList = 8B23353E1B42B45600B66F4F /* Build configuration list for PBXNativeTarget "CoderExampleTests" */;
			buildPhases = (
				8B23352D1B42B45600B66F4F /* Sources */,
				8B23352E1B42B45600B66F4F /* Frameworks */,
				8B23352F1B42B45600B66F4F /* Resources */,
			);
			buildRules = (
			);
			dependencies = (
				8B2335331B42B45600B66F4F /* PBXTargetDependency */,
			);
			name = CoderExampleTests;
			productName = CoderExampleTests;
			productReference = 8B2335311B42B45600B66F4F /* CoderExampleTests.xctest */;
			productType = "com.apple.product-type.bundle.unit-test";
		};
/* End PBXNativeTarget section */

/* Begin PBXProject section */
		8B2335101B42B45600B66F4F /* Project object */ = {
			isa = PBXProject;
			attributes = {
				LastUpgradeCheck = 0630;
				ORGANIZATIONNAME = "Cory Alder";
				TargetAttributes = {
					8B2335171B42B45600B66F4F = {
						CreatedOnToolsVersion = 6.3.2;
					};
					8B2335301B42B45600B66F4F = {
						CreatedOnToolsVersion = 6.3.2;
						TestTargetID = 8B2335171B42B45600B66F4F;
					};
				};
			};
			buildConfigurationList = 8B2335131B42B45600B66F4F /* Build configuration list for PBXProject "CoderExample" */;
			compatibilityVersion = "Xcode 3.2";
			developmentRegion = English;
			hasScannedForEncodings = 0;
			knownRegions = (
				en,
				Base,
			);
			mainGroup = 8B23350F1B42B45600B66F4F;
			productRefGroup = 8B2335191B42B45600B66F4F /* Products */;
			projectDirPath = "";
			projectRoot = "";
			targets = (
				8B2335171B42B45600B66F4F /* CoderExample */,
				8B2335301B42B45600B66F4F /* CoderExampleTests */,
			);
		};
/* End PBXProject section */

/* Begin PBXResourcesBuildPhase section */
		8B2335161B42B45600B66F4F /* Resources */ = {
			isa = PBXResourcesBuildPhase;
			buildActionMask = 2147483647;
			files = (
				8B2335271B42B45600B66F4F /* Main.storyboard in Resources */,
				8B23352C1B42B45600B66F4F /* LaunchScreen.xib in Resources */,
				8B2335291B42B45600B66F4F /* Images.xcassets in Resources */,
			);
			runOnlyForDeploymentPostprocessing = 0;
		};
		8B23352F1B42B45600B66F4F /* Resources */ = {
			isa = PBXResourcesBuildPhase;
			buildActionMask = 2147483647;
			files = (
			);
			runOnlyForDeploymentPostprocessing = 0;
		};
/* End PBXResourcesBuildPhase section */

/* Begin PBXSourcesBuildPhase section */
		8B2335141B42B45600B66F4F /* Sources */ = {
			isa = PBXSourcesBuildPhase;
			buildActionMask = 2147483647;
			files = (
				8B2335431B42B47900B66F4F /* Player.m in Sources */,
				8B2335241B42B45600B66F4F /* ViewController.m in Sources */,
				8B2335211B42B45600B66F4F /* AppDelegate.m in Sources */,
				8B23351E1B42B45600B66F4F /* main.m in Sources */,
			);
			runOnlyForDeploymentPostprocessing = 0;
		};
		8B23352D1B42B45600B66F4F /* Sources */ = {
			isa = PBXSourcesBuildPhase;
			buildActionMask = 2147483647;
			files = (
				8B2335381B42B45600B66F4F /* CoderExampleTests.m in Sources */,
			);
			runOnlyForDeploymentPostprocessing = 0;
		};
/* End PBXSourcesBuildPhase section */

/* Begin PBXTargetDependency section */
		8B2335331B42B45600B66F4F /* PBXTargetDependency */ = {
			isa = PBXTargetDependency;
			target = 8B2335171B42B45600B66F4F /* CoderExample */;
			targetProxy = 8B2335321B42B45600B66F4F /* PBXContainerItemProxy */;
		};
/* End PBXTargetDependency section */

/* Begin PBXVariantGroup section */
		8B2335251B42B45600B66F4F /* Main.storyboard */ = {
			isa = PBXVariantGroup;
			children = (
				8B2335261B42B45600B66F4F /* Base */,
			);
			name = Main.storyboard;
			sourceTree = "<group>";
		};
		8B23352A1B42B45600B66F4F /* LaunchScreen.xib */ = {
			isa = PBXVariantGroup;
			children = (
				8B23352B1B42B45600B66F4F /* Base */,
			);
			name = LaunchScreen.xib;
			sourceTree = "<group>";
		};
/* End PBXVariantGroup section */

/* Begin XCBuildConfiguration section */
		8B2335391B42B45600B66F4F /* Debug */ = {
			isa = XCBuildConfiguration;
			buildSettings = {
				ALWAYS_SEARCH_USER_PATHS = NO;
				CLANG_CXX_LANGUAGE_STANDARD = "gnu++0x";
				CLANG_CXX_LIBRARY = "libc++";
				CLANG_ENABLE_MODULES = YES;
				CLANG_ENABLE_OBJC_ARC = YES;
				CLANG_WARN_BOOL_CONVERSION = YES;
				CLANG_WARN_CONSTANT_CONVERSION = YES;
				CLANG_WARN_DIRECT_OBJC_ISA_USAGE = YES_ERROR;
				CLANG_WARN_EMPTY_BODY = YES;
				CLANG_WARN_ENUM_CONVERSION = YES;
				CLANG_WARN_INT_CONVERSION = YES;
				CLANG_WARN_OBJC_ROOT_CLASS = YES_ERROR;
				CLANG_WARN_UNREACHABLE_CODE = YES;
				CLANG_WARN__DUPLICATE_METHOD_MATCH = YES;
				"CODE_SIGN_IDENTITY[sdk=iphoneos*]" = "iPhone Developer";
				COPY_PHASE_STRIP = NO;
				DEBUG_INFORMATION_FORMAT = "dwarf-with-dsym";
				ENABLE_STRICT_OBJC_MSGSEND = YES;
				GCC_C_LANGUAGE_STANDARD = gnu99;
				GCC_DYNAMIC_NO_PIC = NO;
				GCC_NO_COMMON_BLOCKS = YES;
				GCC_OPTIMIZATION_LEVEL = 0;
				GCC_PREPROCESSOR_DEFINITIONS = (
					"DEBUG=1",
					"$(inherited)",
				);
				GCC_SYMBOLS_PRIVATE_EXTERN = NO;
				GCC_WARN_64_TO_32_BIT_CONVERSION = YES;
				GCC_WARN_ABOUT_RETURN_TYPE = YES_ERROR;
				GCC_WARN_UNDECLARED_SELECTOR = YES;
				GCC_WARN_UNINITIALIZED_AUTOS = YES_AGGRESSIVE;
				GCC_WARN_UNUSED_FUNCTION = YES;
				GCC_WARN_UNUSED_VARIABLE = YES;
				IPHONEOS_DEPLOYMENT_TARGET = 8.3;
				MTL_ENABLE_DEBUG_INFO = YES;
				ONLY_ACTIVE_ARCH = YES;
				SDKROOT = iphoneos;
			};
			name = Debug;
		};
		8B23353A1B42B45600B66F4F /* Release */ = {
			isa = XCBuildConfiguration;
			buildSettings = {
				ALWAYS_SEARCH_USER_PATHS = NO;
				CLANG_CXX_LANGUAGE_STANDARD = "gnu++0x";
				CLANG_CXX_LIBRARY = "libc++";
				CLANG_ENABLE_MODULES = YES;
				CLANG_ENABLE_OBJC_ARC = YES;
				CLANG_WARN_BOOL_CONVERSION = YES;
				CLANG_WARN_CONSTANT_CONVERSION = YES;
				CLANG_WARN_DIRECT_OBJC_ISA_USAGE = YES_ERROR;
				CLANG_WARN_EMPTY_BODY = YES;
				CLANG_WARN_ENUM_CONVERSION = YES;
				CLANG_WARN_INT_CONVERSION = YES;
				CLANG_WARN_OBJC_ROOT_CLASS = YES_ERROR;
				CLANG_WARN_UNREACHABLE_CODE = YES;
				CLANG_WARN__DUPLICATE_METHOD_MATCH = YES;
				"CODE_SIGN_IDENTITY[sdk=iphoneos*]" = "iPhone Developer";
				COPY_PHASE_STRIP = NO;
				DEBUG_INFORMATION_FORMAT = "dwarf-with-dsym";
				ENABLE_NS_ASSERTIONS = NO;
				ENABLE_STRICT_OBJC_MSGSEND = YES;
				GCC_C_LANGUAGE_STANDARD = gnu99;
				GCC_NO_COMMON_BLOCKS = YES;
				GCC_WARN_64_TO_32_BIT_CONVERSION = YES;
				GCC_WARN_ABOUT_RETURN_TYPE = YES_ERROR;
				GCC_WARN_UNDECLARED_SELECTOR = YES;
				GCC_WARN_UNINITIALIZED_AUTOS = YES_AGGRESSIVE;
				GCC_WARN_UNUSED_FUNCTION = YES;
				GCC_WARN_UNUSED_VARIABLE = YES;
				IPHONEOS_DEPLOYMENT_TARGET = 8.3;
				MTL_ENABLE_DEBUG_INFO = NO;
				SDKROOT = iphoneos;
				VALIDATE_PRODUCT = YES;
			};
			name = Release;
		};
		8B23353C1B42B45600B66F4F /* Debug */ = {
			isa = XCBuildConfiguration;
			buildSettings = {
				ASSETCATALOG_COMPILER_APPICON_NAME = AppIcon;
				INFOPLIST_FILE = CoderExample/Info.plist;
				LD_RUNPATH_SEARCH_PATHS = "$(inherited) @executable_path/Frameworks";
				PRODUCT_NAME = "$(TARGET_NAME)";
			};
			name = Debug;
		};
		8B23353D1B42B45600B66F4F /* Release */ = {
			isa = XCBuildConfiguration;
			buildSettings = {
				ASSETCATALOG_COMPILER_APPICON_NAME = AppIcon;
				INFOPLIST_FILE = CoderExample/Info.plist;
				LD_RUNPATH_SEARCH_PATHS = "$(inherited) @executable_path/Frameworks";
				PRODUCT_NAME = "$(TARGET_NAME)";
			};
			name = Release;
		};
		8B23353F1B42B45600B66F4F /* Debug */ = {
			isa = XCBuildConfiguration;
			buildSettings = {
				BUNDLE_LOADER = "$(TEST_HOST)";
				FRAMEWORK_SEARCH_PATHS = (
					"$(SDKROOT)/Developer/Library/Frameworks",
					"$(inherited)",
				);
				GCC_PREPROCESSOR_DEFINITIONS = (
					"DEBUG=1",
					"$(inherited)",
				);
				INFOPLIST_FILE = CoderExampleTests/Info.plist;
				LD_RUNPATH_SEARCH_PATHS = "$(inherited) @executable_path/Frameworks @loader_path/Frameworks";
				PRODUCT_NAME = "$(TARGET_NAME)";
				TEST_HOST = "$(BUILT_PRODUCTS_DIR)/CoderExample.app/CoderExample";
			};
			name = Debug;
		};
		8B2335401B42B45600B66F4F /* Release */ = {
			isa = XCBuildConfiguration;
			buildSettings = {
				BUNDLE_LOADER = "$(TEST_HOST)";
				FRAMEWORK_SEARCH_PATHS = (
					"$(SDKROOT)/Developer/Library/Frameworks",
					"$(inherited)",
				);
				INFOPLIST_FILE = CoderExampleTests/Info.plist;
				LD_RUNPATH_SEARCH_PATHS = "$(inherited) @executable_path/Frameworks @loader_path/Frameworks";
				PRODUCT_NAME = "$(TARGET_NAME)";
				TEST_HOST = "$(BUILT_PRODUCTS_DIR)/CoderExample.app/CoderExample";
			};
			name = Release;
		};
/* End XCBuildConfiguration section */

/* Begin XCConfigurationList section */
		8B2335131B42B45600B66F4F /* Build configuration list for PBXProject "CoderExample" */ = {
			isa = XCConfigurationList;
			buildConfigurations = (
				8B2335391B42B45600B66F4F /* Debug */,
				8B23353A1B42B45600B66F4F /* Release */,
			);
			defaultConfigurationIsVisible = 0;
			defaultConfigurationName = Release;
		};
		8B23353B1B42B45600B66F4F /* Build configuration list for PBXNativeTarget "CoderExample" */ = {
			isa = XCConfigurationList;
			buildConfigurations = (
				8B23353C1B42B45600B66F4F /* Debug */,
				8B23353D1B42B45600B66F4F /* Release */,
			);
			defaultConfigurationIsVisible = 0;
		};
		8B23353E1B42B45600B66F4F /* Build configuration list for PBXNativeTarget "CoderExampleTests" */ = {
			isa = XCConfigurationList;
			buildConfigurations = (
				8B23353F1B42B45600B66F4F /* Debug */,
				8B2335401B42B45600B66F4F /* Release */,
			);
			defaultConfigurationIsVisible = 0;
		};
/* End XCConfigurationList section */
	};
	rootObject = 8B2335101B42B45600B66F4F /* Project object */;
}
